
Microsoft Visual Studio Solution File, Format Version 12.00
# Visual Studio Version 17
VisualStudioVersion = 17.13.35931.197
MinimumVisualStudioVersion = 10.0.40219.1
Project("{FAE04EC0-301F-11D3-BF4B-00C04F79EFBC}") = "EasyFishing_Doloctown", "EasyFishing_Doloctown\EasyFishing_Doloctown.csproj", "{042E9E47-5394-4613-9137-85923BDADC76}"
EndProject
Project("{FAE04EC0-301F-11D3-BF4B-00C04F79EFBC}") = "ModSettingManagerForDolocTown", "ModSettingManagerForDolocTown\ModSettingManagerForDolocTown.csproj", "{2D625894-1385-4370-BFC6-EF19C8EAE8F0}"
EndProject
Project("{FAE04EC0-301F-11D3-BF4B-00C04F79EFBC}") = "NpcMapMarkers_Doloctown", "NpcMapMarkers_Doloctown\NpcMapMarkers_Doloctown.csproj", "{7D32C476-AA68-47AA-B259-078E04442537}"
EndProject
Global
	GlobalSection(SolutionConfigurationPlatforms) = preSolution
		Debug|Any CPU = Debug|Any CPU
		Release|Any CPU = Release|Any CPU
	EndGlobalSection
	GlobalSection(ProjectConfigurationPlatforms) = postSolution
		{042E9E47-5394-4613-9137-85923BDADC76}.Debug|Any CPU.ActiveCfg = Debug|Any CPU
		{042E9E47-5394-4613-9137-85923BDADC76}.Debug|Any CPU.Build.0 = Debug|Any CPU
		{042E9E47-5394-4613-9137-85923BDADC76}.Release|Any CPU.ActiveCfg = Release|Any CPU
		{042E9E47-5394-4613-9137-85923BDADC76}.Release|Any CPU.Build.0 = Release|Any CPU
		{2D625894-1385-4370-BFC6-EF19C8EAE8F0}.Debug|Any CPU.ActiveCfg = Debug|Any CPU
		{2D625894-1385-4370-BFC6-EF19C8EAE8F0}.Debug|Any CPU.Build.0 = Debug|Any CPU
		{2D625894-1385-4370-BFC6-EF19C8EAE8F0}.Release|Any CPU.ActiveCfg = Release|Any CPU
		{2D625894-1385-4370-BFC6-EF19C8EAE8F0}.Release|Any CPU.Build.0 = Release|Any CPU
		{7D32C476-AA68-47AA-B259-078E04442537}.Debug|Any CPU.ActiveCfg = Debug|Any CPU
		{7D32C476-AA68-47AA-B259-078E04442537}.Debug|Any CPU.Build.0 = Debug|Any CPU
		{7D32C476-AA68-47AA-B259-078E04442537}.Release|Any CPU.ActiveCfg = Release|Any CPU
		{7D32C476-AA68-47AA-B259-078E04442537}.Release|Any CPU.Build.0 = Release|Any CPU
	EndGlobalSection
	GlobalSection(SolutionProperties) = preSolution
		HideSolutionNode = FALSE
	EndGlobalSection
	GlobalSection(ExtensibilityGlobals) = postSolution
		SolutionGuid = {6AD82DCE-EE64-4191-9F60-FA1A90FB3A7A}
	EndGlobalSection
EndGlobal
